
Microsoft Visual Studio Solution File, Format Version 12.00
# Visual Studio Version 17
VisualStudioVersion = 17.0.31903.59
MinimumVisualStudioVersion = 10.0.40219.1
Project("{2150E333-8FDC-42A3-9474-1A3956D46DE8}") = "src", "src", "{F29B2C66-E70E-4A21-9C82-74E568E257E6}"
EndProject
Project("{FAE04EC0-301F-11D3-BF4B-00C04F79EFBC}") = "AuctionService", "src\AuctionService\AuctionService.csproj", "{FCD76BD1-ADFA-4CD2-9982-D3EF7B641F0F}"
EndProject
Global
	GlobalSection(SolutionConfigurationPlatforms) = preSolution
		Debug|Any CPU = Debug|Any CPU
		Release|Any CPU = Release|Any CPU
	EndGlobalSection
	GlobalSection(SolutionProperties) = preSolution
		HideSolutionNode = FALSE
	EndGlobalSection
	GlobalSection(ProjectConfigurationPlatforms) = postSolution
		{FCD76BD1-ADFA-4CD2-9982-D3EF7B641F0F}.Debug|Any CPU.ActiveCfg = Debug|Any CPU
		{FCD76BD1-ADFA-4CD2-9982-D3EF7B641F0F}.Debug|Any CPU.Build.0 = Debug|Any CPU
		{FCD76BD1-ADFA-4CD2-9982-D3EF7B641F0F}.Release|Any CPU.ActiveCfg = Release|Any CPU
		{FCD76BD1-ADFA-4CD2-9982-D3EF7B641F0F}.Release|Any CPU.Build.0 = Release|Any CPU
	EndGlobalSection
	GlobalSection(NestedProjects) = preSolution
		{FCD76BD1-ADFA-4CD2-9982-D3EF7B641F0F} = {F29B2C66-E70E-4A21-9C82-74E568E257E6}
	EndGlobalSection
EndGlobal
